
Microsoft Visual Studio Solution File, Format Version 12.00
# Visual Studio Version 17
VisualStudioVersion = 17.14.36401.2 d17.14
MinimumVisualStudioVersion = 10.0.40219.1
Project("{FAE04EC0-301F-11D3-BF4B-00C04F79EFBC}") = "FinanceApp", "FinanceApp\FinanceApp.csproj", "{6FB869CD-9113-4130-84B3-D3518FBD6548}"
EndProject
Global
	GlobalSection(SolutionConfigurationPlatforms) = preSolution
		Debug|Any CPU = Debug|Any CPU
		Release|Any CPU = Release|Any CPU
	EndGlobalSection
	GlobalSection(ProjectConfigurationPlatforms) = postSolution
		{6FB869CD-9113-4130-84B3-D3518FBD6548}.Debug|Any CPU.ActiveCfg = Debug|Any CPU
		{6FB869CD-9113-4130-84B3-D3518FBD6548}.Debug|Any CPU.Build.0 = Debug|Any CPU
		{6FB869CD-9113-4130-84B3-D3518FBD6548}.Release|Any CPU.ActiveCfg = Release|Any CPU
		{6FB869CD-9113-4130-84B3-D3518FBD6548}.Release|Any CPU.Build.0 = Release|Any CPU
	EndGlobalSection
	GlobalSection(SolutionProperties) = preSolution
		HideSolutionNode = FALSE
	EndGlobalSection
	GlobalSection(ExtensibilityGlobals) = postSolution
		SolutionGuid = {2A5E0738-7F44-437B-BECE-DAF0CDD0BD0C}
	EndGlobalSection
EndGlobal
